
Microsoft Visual Studio Solution File, Format Version 12.00
# Visual Studio 15
VisualStudioVersion = 15.0.27004.2005
MinimumVisualStudioVersion = 10.0.40219.1
Project("{FAE04EC0-301F-11D3-BF4B-00C04F79EFBC}") = "Muesli", "Muesli\Muesli.csproj", "{19A0F620-CEA2-42EF-A835-2CD715D62069}"
EndProject
Global
	GlobalSection(SolutionConfigurationPlatforms) = preSolution
		Debug|Any CPU = Debug|Any CPU
		Release|Any CPU = Release|Any CPU
	EndGlobalSection
	GlobalSection(ProjectConfigurationPlatforms) = postSolution
		{19A0F620-CEA2-42EF-A835-2CD715D62069}.Debug|Any CPU.ActiveCfg = Debug|Any CPU
		{19A0F620-CEA2-42EF-A835-2CD715D62069}.Debug|Any CPU.Build.0 = Debug|Any CPU
		{19A0F620-CEA2-42EF-A835-2CD715D62069}.Release|Any CPU.ActiveCfg = Release|Any CPU
		{19A0F620-CEA2-42EF-A835-2CD715D62069}.Release|Any CPU.Build.0 = Release|Any CPU
	EndGlobalSection
	GlobalSection(SolutionProperties) = preSolution
		HideSolutionNode = FALSE
	EndGlobalSection
	GlobalSection(ExtensibilityGlobals) = postSolution
		SolutionGuid = {654EB9B7-6AB6-4F9B-BBE6-6505A332604A}
	EndGlobalSection
EndGlobal
